// !$*UTF8*$!
{
	archiveVersion = 1;
	classes = {
	};
	objectVersion = 50;
	objects = {

/* Begin PBXBuildFile section */
		5EC5216E26E2FBF400D25568 /* AppDelegate.swift in Sources */ = {isa = PBXBuildFile; fileRef = 5EC5216D26E2FBF400D25568 /* AppDelegate.swift */; };
		5EC5217026E2FBF400D25568 /* SceneDelegate.swift in Sources */ = {isa = PBXBuildFile; fileRef = 5EC5216F26E2FBF400D25568 /* SceneDelegate.swift */; };
		5EC5217526E2FBF400D25568 /* Main.storyboard in Resources */ = {isa = PBXBuildFile; fileRef = 5EC5217326E2FBF400D25568 /* Main.storyboard */; };
		5EC5217726E2FBF500D25568 /* Assets.xcassets in Resources */ = {isa = PBXBuildFile; fileRef = 5EC5217626E2FBF500D25568 /* Assets.xcassets */; };
		5EC5217A26E2FBF500D25568 /* LaunchScreen.storyboard in Resources */ = {isa = PBXBuildFile; fileRef = 5EC5217826E2FBF500D25568 /* LaunchScreen.storyboard */; };
		5EC5218826E2FD3400D25568 /* UITestingTutorialUITests.swift in Sources */ = {isa = PBXBuildFile; fileRef = 5EC5218726E2FD3400D25568 /* UITestingTutorialUITests.swift */; };
		5EC5219026E2FF1400D25568 /* TableViewController.swift in Sources */ = {isa = PBXBuildFile; fileRef = 5EC5218F26E2FF1400D25568 /* TableViewController.swift */; };
		5EC5219226E2FFC900D25568 /* LoginViewController.swift in Sources */ = {isa = PBXBuildFile; fileRef = 5EC5219126E2FFC900D25568 /* LoginViewController.swift */; };
/* End PBXBuildFile section */

/* Begin PBXContainerItemProxy section */
		5EC5218A26E2FD3400D25568 /* PBXContainerItemProxy */ = {
			isa = PBXContainerItemProxy;
			containerPortal = 5EC5216226E2FBF400D25568 /* Project object */;
			proxyType = 1;
			remoteGlobalIDString = 5EC5216926E2FBF400D25568;
			remoteInfo = UITestingTutorial;
		};
/* End PBXContainerItemProxy section */

/* Begin PBXFileReference section */
		5EC5216A26E2FBF400D25568 /* UITestingTutorial.app */ = {isa = PBXFileReference; explicitFileType = wrapper.application; includeInIndex = 0; path = UITestingTutorial.app; sourceTree = BUILT_PRODUCTS_DIR; };
		5EC5216D26E2FBF400D25568 /* AppDelegate.swift */ = {isa = PBXFileReference; lastKnownFileType = sourcecode.swift; path = AppDelegate.swift; sourceTree = "<group>"; };
		5EC5216F26E2FBF400D25568 /* SceneDelegate.swift */ = {isa = PBXFileReference; lastKnownFileType = sourcecode.swift; path = SceneDelegate.swift; sourceTree = "<group>"; };
		5EC5217426E2FBF400D25568 /* Base */ = {isa = PBXFileReference; lastKnownFileType = file.storyboard; name = Base; path = Base.lproj/Main.storyboard; sourceTree = "<group>"; };
		5EC5217626E2FBF500D25568 /* Assets.xcassets */ = {isa = PBXFileReference; lastKnownFileType = folder.assetcatalog; path = Assets.xcassets; sourceTree = "<group>"; };
		5EC5217926E2FBF500D25568 /* Base */ = {isa = PBXFileReference; lastKnownFileType = file.storyboard; name = Base; path = Base.lproj/LaunchScreen.storyboard; sourceTree = "<group>"; };
		5EC5217B26E2FBF500D25568 /* Info.plist */ = {isa = PBXFileReference; lastKnownFileType = text.plist.xml; path = Info.plist; sourceTree = "<group>"; };
		5EC5218526E2FD3400D25568 /* UITestingTutorialUITests.xctest */ = {isa = PBXFileReference; explicitFileType = wrapper.cfbundle; includeInIndex = 0; path = UITestingTutorialUITests.xctest; sourceTree = BUILT_PRODUCTS_DIR; };
		5EC5218726E2FD3400D25568 /* UITestingTutorialUITests.swift */ = {isa = PBXFileReference; lastKnownFileType = sourcecode.swift; path = UITestingTutorialUITests.swift; sourceTree = "<group>"; };
		5EC5218926E2FD3400D25568 /* Info.plist */ = {isa = PBXFileReference; lastKnownFileType = text.plist.xml; path = Info.plist; sourceTree = "<group>"; };
		5EC5218F26E2FF1400D25568 /* TableViewController.swift */ = {isa = PBXFileReference; lastKnownFileType = sourcecode.swift; path = TableViewController.swift; sourceTree = "<group>"; };
		5EC5219126E2FFC900D25568 /* LoginViewController.swift */ = {isa = PBXFileReference; lastKnownFileType = sourcecode.swift; path = LoginViewController.swift; sourceTree = "<group>"; };
/* End PBXFileReference section */

/* Begin PBXFrameworksBuildPhase section */
		5EC5216726E2FBF400D25568 /* Frameworks */ = {
			isa = PBXFrameworksBuildPhase;
			buildActionMask = 2147483647;
			files = (
			);
			runOnlyForDeploymentPostprocessing = 0;
		};
		5EC5218226E2FD3400D25568 /* Frameworks */ = {
			isa = PBXFrameworksBuildPhase;
			buildActionMask = 2147483647;
			files = (
			);
			runOnlyForDeploymentPostprocessing = 0;
		};
/* End PBXFrameworksBuildPhase section */

/* Begin PBXGroup section */
		5EC5216126E2FBF400D25568 = {
			isa = PBXGroup;
			children = (
				5EC5216C26E2FBF400D25568 /* UITestingTutorial */,
				5EC5218626E2FD3400D25568 /* UITestingTutorialUITests */,
				5EC5216B26E2FBF400D25568 /* Products */,
			);
			sourceTree = "<group>";
		};
		5EC5216B26E2FBF400D25568 /* Products */ = {
			isa = PBXGroup;
			children = (
				5EC5216A26E2FBF400D25568 /* UITestingTutorial.app */,
				5EC5218526E2FD3400D25568 /* UITestingTutorialUITests.xctest */,
			);
			name = Products;
			sourceTree = "<group>";
		};
		5EC5216C26E2FBF400D25568 /* UITestingTutorial */ = {
			isa = PBXGroup;
			children = (
				5EC5216D26E2FBF400D25568 /* AppDelegate.swift */,
				5EC5216F26E2FBF400D25568 /* SceneDelegate.swift */,
				5EC5217326E2FBF400D25568 /* Main.storyboard */,
				5EC5219126E2FFC900D25568 /* LoginViewController.swift */,
				5EC5218F26E2FF1400D25568 /* TableViewController.swift */,
				5EC5217626E2FBF500D25568 /* Assets.xcassets */,
				5EC5217826E2FBF500D25568 /* LaunchScreen.storyboard */,
				5EC5217B26E2FBF500D25568 /* Info.plist */,
			);
			path = UITestingTutorial;
			sourceTree = "<group>";
		};
		5EC5218626E2FD3400D25568 /* UITestingTutorialUITests */ = {
			isa = PBXGroup;
			children = (
				5EC5218726E2FD3400D25568 /* UITestingTutorialUITests.swift */,
				5EC5218926E2FD3400D25568 /* Info.plist */,
			);
			path = UITestingTutorialUITests;
			sourceTree = "<group>";
		};
/* End PBXGroup section */

/* Begin PBXNativeTarget section */
		5EC5216926E2FBF400D25568 /* UITestingTutorial */ = {
			isa = PBXNativeTarget;
			buildConfigurationList = 5EC5217E26E2FBF500D25568 /* Build configuration list for PBXNativeTarget "UITestingTutorial" */;
			buildPhases = (
				5EC5216626E2FBF400D25568 /* Sources */,
				5EC5216726E2FBF400D25568 /* Frameworks */,
				5EC5216826E2FBF400D25568 /* Resources */,
			);
			buildRules = (
			);
			dependencies = (
			);
			name = UITestingTutorial;
			productName = UITestingTutorial;
			productReference = 5EC5216A26E2FBF400D25568 /* UITestingTutorial.app */;
			productType = "com.apple.product-type.application";
		};
		5EC5218426E2FD3400D25568 /* UITestingTutorialUITests */ = {
			isa = PBXNativeTarget;
			buildConfigurationList = 5EC5218C26E2FD3400D25568 /* Build configuration list for PBXNativeTarget "UITestingTutorialUITests" */;
			buildPhases = (
				5EC5218126E2FD3400D25568 /* Sources */,
				5EC5218226E2FD3400D25568 /* Frameworks */,
				5EC5218326E2FD3400D25568 /* Resources */,
			);
			buildRules = (
			);
			dependencies = (
				5EC5218B26E2FD3400D25568 /* PBXTargetDependency */,
			);
			name = UITestingTutorialUITests;
			productName = UITestingTutorialUITests;
			productReference = 5EC5218526E2FD3400D25568 /* UITestingTutorialUITests.xctest */;
			productType = "com.apple.product-type.bundle.ui-testing";
		};
/* End PBXNativeTarget section */

/* Begin PBXProject section */
		5EC5216226E2FBF400D25568 /* Project object */ = {
			isa = PBXProject;
			attributes = {
				LastSwiftUpdateCheck = 1250;
				LastUpgradeCheck = 1250;
				TargetAttributes = {
					5EC5216926E2FBF400D25568 = {
						CreatedOnToolsVersion = 12.5.1;
					};
					5EC5218426E2FD3400D25568 = {
						CreatedOnToolsVersion = 12.5.1;
						TestTargetID = 5EC5216926E2FBF400D25568;
					};
				};
			};
			buildConfigurationList = 5EC5216526E2FBF400D25568 /* Build configuration list for PBXProject "UITestingTutorial" */;
			compatibilityVersion = "Xcode 9.3";
			developmentRegion = en;
			hasScannedForEncodings = 0;
			knownRegions = (
				en,
				Base,
			);
			mainGroup = 5EC5216126E2FBF400D25568;
			productRefGroup = 5EC5216B26E2FBF400D25568 /* Products */;
			projectDirPath = "";
			projectRoot = "";
			targets = (
				5EC5216926E2FBF400D25568 /* UITestingTutorial */,
				5EC5218426E2FD3400D25568 /* UITestingTutorialUITests */,
			);
		};
/* End PBXProject section */

/* Begin PBXResourcesBuildPhase section */
		5EC5216826E2FBF400D25568 /* Resources */ = {
			isa = PBXResourcesBuildPhase;
			buildActionMask = 2147483647;
			files = (
				5EC5217A26E2FBF500D25568 /* LaunchScreen.storyboard in Resources */,
				5EC5217726E2FBF500D25568 /* Assets.xcassets in Resources */,
				5EC5217526E2FBF400D25568 /* Main.storyboard in Resources */,
			);
			runOnlyForDeploymentPostprocessing = 0;
		};
		5EC5218326E2FD3400D25568 /* Resources */ = {
			isa = PBXResourcesBuildPhase;
			buildActionMask = 2147483647;
			files = (
			);
			runOnlyForDeploymentPostprocessing = 0;
		};
/* End PBXResourcesBuildPhase section */

/* Begin PBXSourcesBuildPhase section */
		5EC5216626E2FBF400D25568 /* Sources */ = {
			isa = PBXSourcesBuildPhase;
			buildActionMask = 2147483647;
			files = (
				5EC5219226E2FFC900D25568 /* LoginViewController.swift in Sources */,
				5EC5216E26E2FBF400D25568 /* AppDelegate.swift in Sources */,
				5EC5219026E2FF1400D25568 /* TableViewController.swift in Sources */,
				5EC5217026E2FBF400D25568 /* SceneDelegate.swift in Sources */,
			);
			runOnlyForDeploymentPostprocessing = 0;
		};
		5EC5218126E2FD3400D25568 /* Sources */ = {
			isa = PBXSourcesBuildPhase;
			buildActionMask = 2147483647;
			files = (
				5EC5218826E2FD3400D25568 /* UITestingTutorialUITests.swift in Sources */,
			);
			runOnlyForDeploymentPostprocessing = 0;
		};
/* End PBXSourcesBuildPhase section */

/* Begin PBXTargetDependency section */
		5EC5218B26E2FD3400D25568 /* PBXTargetDependency */ = {
			isa = PBXTargetDependency;
			target = 5EC5216926E2FBF400D25568 /* UITestingTutorial */;
			targetProxy = 5EC5218A26E2FD3400D25568 /* PBXContainerItemProxy */;
		};
/* End PBXTargetDependency section */

/* Begin PBXVariantGroup section */
		5EC5217326E2FBF400D25568 /* Main.storyboard */ = {
			isa = PBXVariantGroup;
			children = (
				5EC5217426E2FBF400D25568 /* Base */,
			);
			name = Main.storyboard;
			sourceTree = "<group>";
		};
		5EC5217826E2FBF500D25568 /* LaunchScreen.storyboard */ = {
			isa = PBXVariantGroup;
			children = (
				5EC5217926E2FBF500D25568 /* Base */,
			);
			name = LaunchScreen.storyboard;
			sourceTree = "<group>";
		};
/* End PBXVariantGroup section */

/* Begin XCBuildConfiguration section */
		5EC5217C26E2FBF500D25568 /* Debug */ = {
			isa = XCBuildConfiguration;
			buildSettings = {
				ALWAYS_SEARCH_USER_PATHS = NO;
				CLANG_ANALYZER_NONNULL = YES;
				CLANG_ANALYZER_NUMBER_OBJECT_CONVERSION = YES_AGGRESSIVE;
				CLANG_CXX_LANGUAGE_STANDARD = "gnu++14";
				CLANG_CXX_LIBRARY = "libc++";
				CLANG_ENABLE_MODULES = YES;
				CLANG_ENABLE_OBJC_ARC = YES;
				CLANG_ENABLE_OBJC_WEAK = YES;
				CLANG_WARN_BLOCK_CAPTURE_AUTORELEASING = YES;
				CLANG_WARN_BOOL_CONVERSION = YES;
				CLANG_WARN_COMMA = YES;
				CLANG_WARN_CONSTANT_CONVERSION = YES;
				CLANG_WARN_DEPRECATED_OBJC_IMPLEMENTATIONS = YES;
				CLANG_WARN_DIRECT_OBJC_ISA_USAGE = YES_ERROR;
				CLANG_WARN_DOCUMENTATION_COMMENTS = YES;
				CLANG_WARN_EMPTY_BODY = YES;
				CLANG_WARN_ENUM_CONVERSION = YES;
				CLANG_WARN_INFINITE_RECURSION = YES;
				CLANG_WARN_INT_CONVERSION = YES;
				CLANG_WARN_NON_LITERAL_NULL_CONVERSION = YES;
				CLANG_WARN_OBJC_IMPLICIT_RETAIN_SELF = YES;
				CLANG_WARN_OBJC_LITERAL_CONVERSION = YES;
				CLANG_WARN_OBJC_ROOT_CLASS = YES_ERROR;
				CLANG_WARN_QUOTED_INCLUDE_IN_FRAMEWORK_HEADER = YES;
				CLANG_WARN_RANGE_LOOP_ANALYSIS = YES;
				CLANG_WARN_STRICT_PROTOTYPES = YES;
				CLANG_WARN_SUSPICIOUS_MOVE = YES;
				CLANG_WARN_UNGUARDED_AVAILABILITY = YES_AGGRESSIVE;
				CLANG_WARN_UNREACHABLE_CODE = YES;
				CLANG_WARN__DUPLICATE_METHOD_MATCH = YES;
				COPY_PHASE_STRIP = NO;
				DEBUG_INFORMATION_FORMAT = dwarf;
				ENABLE_STRICT_OBJC_MSGSEND = YES;
				ENABLE_TESTABILITY = YES;
				GCC_C_LANGUAGE_STANDARD = gnu11;
				GCC_DYNAMIC_NO_PIC = NO;
				GCC_NO_COMMON_BLOCKS = YES;
				GCC_OPTIMIZATION_LEVEL = 0;
				GCC_PREPROCESSOR_DEFINITIONS = (
					"DEBUG=1",
					"$(inherited)",
				);
				GCC_WARN_64_TO_32_BIT_CONVERSION = YES;
				GCC_WARN_ABOUT_RETURN_TYPE = YES_ERROR;
				GCC_WARN_UNDECLARED_SELECTOR = YES;
				GCC_WARN_UNINITIALIZED_AUTOS = YES_AGGRESSIVE;
				GCC_WARN_UNUSED_FUNCTION = YES;
				GCC_WARN_UNUSED_VARIABLE = YES;
				IPHONEOS_DEPLOYMENT_TARGET = 14.5;
				MTL_ENABLE_DEBUG_INFO = INCLUDE_SOURCE;
				MTL_FAST_MATH = YES;
				ONLY_ACTIVE_ARCH = YES;
				SDKROOT = iphoneos;
				SWIFT_ACTIVE_COMPILATION_CONDITIONS = DEBUG;
				SWIFT_OPTIMIZATION_LEVEL = "-Onone";
			};
			name = Debug;
		};
		5EC5217D26E2FBF500D25568 /* Release */ = {
			isa = XCBuildConfiguration;
			buildSettings = {
				ALWAYS_SEARCH_USER_PATHS = NO;
				CLANG_ANALYZER_NONNULL = YES;
				CLANG_ANALYZER_NUMBER_OBJECT_CONVERSION = YES_AGGRESSIVE;
				CLANG_CXX_LANGUAGE_STANDARD = "gnu++14";
				CLANG_CXX_LIBRARY = "libc++";
				CLANG_ENABLE_MODULES = YES;
				CLANG_ENABLE_OBJC_ARC = YES;
				CLANG_ENABLE_OBJC_WEAK = YES;
				CLANG_WARN_BLOCK_CAPTURE_AUTORELEASING = YES;
				CLANG_WARN_BOOL_CONVERSION = YES;
				CLANG_WARN_COMMA = YES;
				CLANG_WARN_CONSTANT_CONVERSION = YES;
				CLANG_WARN_DEPRECATED_OBJC_IMPLEMENTATIONS = YES;
				CLANG_WARN_DIRECT_OBJC_ISA_USAGE = YES_ERROR;
				CLANG_WARN_DOCUMENTATION_COMMENTS = YES;
				CLANG_WARN_EMPTY_BODY = YES;
				CLANG_WARN_ENUM_CONVERSION = YES;
				CLANG_WARN_INFINITE_RECURSION = YES;
				CLANG_WARN_INT_CONVERSION = YES;
				CLANG_WARN_NON_LITERAL_NULL_CONVERSION = YES;
				CLANG_WARN_OBJC_IMPLICIT_RETAIN_SELF = YES;
				CLANG_WARN_OBJC_LITERAL_CONVERSION = YES;
				CLANG_WARN_OBJC_ROOT_CLASS = YES_ERROR;
				CLANG_WARN_QUOTED_INCLUDE_IN_FRAMEWORK_HEADER = YES;
				CLANG_WARN_RANGE_LOOP_ANALYSIS = YES;
				CLANG_WARN_STRICT_PROTOTYPES = YES;
				CLANG_WARN_SUSPICIOUS_MOVE = YES;
				CLANG_WARN_UNGUARDED_AVAILABILITY = YES_AGGRESSIVE;
				CLANG_WARN_UNREACHABLE_CODE = YES;
				CLANG_WARN__DUPLICATE_METHOD_MATCH = YES;
				COPY_PHASE_STRIP = NO;
				DEBUG_INFORMATION_FORMAT = "dwarf-with-dsym";
				ENABLE_NS_ASSERTIONS = NO;
				ENABLE_STRICT_OBJC_MSGSEND = YES;
				GCC_C_LANGUAGE_STANDARD = gnu11;
				GCC_NO_COMMON_BLOCKS = YES;
				GCC_WARN_64_TO_32_BIT_CONVERSION = YES;
				GCC_WARN_ABOUT_RETURN_TYPE = YES_ERROR;
				GCC_WARN_UNDECLARED_SELECTOR = YES;
				GCC_WARN_UNINITIALIZED_AUTOS = YES_AGGRESSIVE;
				GCC_WARN_UNUSED_FUNCTION = YES;
				GCC_WARN_UNUSED_VARIABLE = YES;
				IPHONEOS_DEPLOYMENT_TARGET = 14.5;
				MTL_ENABLE_DEBUG_INFO = NO;
				MTL_FAST_MATH = YES;
				SDKROOT = iphoneos;
				SWIFT_COMPILATION_MODE = wholemodule;
				SWIFT_OPTIMIZATION_LEVEL = "-O";
				VALIDATE_PRODUCT = YES;
			};
			name = Release;
		};
		5EC5217F26E2FBF500D25568 /* Debug */ = {
			isa = XCBuildConfiguration;
			buildSettings = {
				ASSETCATALOG_COMPILER_APPICON_NAME = AppIcon;
				ASSETCATALOG_COMPILER_GLOBAL_ACCENT_COLOR_NAME = AccentColor;
				CODE_SIGN_STYLE = Automatic;
				DEVELOPMENT_TEAM = PCCZJUYRT6;
				INFOPLIST_FILE = UITestingTutorial/Info.plist;
				LD_RUNPATH_SEARCH_PATHS = (
					"$(inherited)",
					"@executable_path/Frameworks",
				);
				PRODUCT_BUNDLE_IDENTIFIER = kazua.UITestingTutorial;
				PRODUCT_NAME = "$(TARGET_NAME)";
				SWIFT_VERSION = 5.0;
				TARGETED_DEVICE_FAMILY = "1,2";
			};
			name = Debug;
		};
		5EC5218026E2FBF500D25568 /* Release */ = {
			isa = XCBuildConfiguration;
			buildSettings = {
				ASSETCATALOG_COMPILER_APPICON_NAME = AppIcon;
				ASSETCATALOG_COMPILER_GLOBAL_ACCENT_COLOR_NAME = AccentColor;
				CODE_SIGN_STYLE = Automatic;
				DEVELOPMENT_TEAM = PCCZJUYRT6;
				INFOPLIST_FILE = UITestingTutorial/Info.plist;
				LD_RUNPATH_SEARCH_PATHS = (
					"$(inherited)",
					"@executable_path/Frameworks",
				);
				PRODUCT_BUNDLE_IDENTIFIER = kazua.UITestingTutorial;
				PRODUCT_NAME = "$(TARGET_NAME)";
				SWIFT_VERSION = 5.0;
				TARGETED_DEVICE_FAMILY = "1,2";
			};
			name = Release;
		};
		5EC5218D26E2FD3400D25568 /* Debug */ = {
			isa = XCBuildConfiguration;
			buildSettings = {
				CODE_SIGN_STYLE = Automatic;
				DEVELOPMENT_TEAM = PCCZJUYRT6;
				INFOPLIST_FILE = UITestingTutorialUITests/Info.plist;
				LD_RUNPATH_SEARCH_PATHS = (
					"$(inherited)",
					"@executable_path/Frameworks",
					"@loader_path/Frameworks",
				);
				PRODUCT_BUNDLE_IDENTIFIER = kazua.UITestingTutorialUITests;
				PRODUCT_NAME = "$(TARGET_NAME)";
				SWIFT_VERSION = 5.0;
				TARGETED_DEVICE_FAMILY = "1,2";
				TEST_TARGET_NAME = UITestingTutorial;
			};
			name = Debug;
		};
		5EC5218E26E2FD3400D25568 /* Release */ = {
			isa = XCBuildConfiguration;
			buildSettings = {
				CODE_SIGN_STYLE = Automatic;
				DEVELOPMENT_TEAM = PCCZJUYRT6;
				INFOPLIST_FILE = UITestingTutorialUITests/Info.plist;
				LD_RUNPATH_SEARCH_PATHS = (
					"$(inherited)",
					"@executable_path/Frameworks",
					"@loader_path/Frameworks",
				);
				PRODUCT_BUNDLE_IDENTIFIER = kazua.UITestingTutorialUITests;
				PRODUCT_NAME = "$(TARGET_NAME)";
				SWIFT_VERSION = 5.0;
				TARGETED_DEVICE_FAMILY = "1,2";
				TEST_TARGET_NAME = UITestingTutorial;
			};
			name = Release;
		};
/* End XCBuildConfiguration section */

/* Begin XCConfigurationList section */
		5EC5216526E2FBF400D25568 /* Build configuration list for PBXProject "UITestingTutorial" */ = {
			isa = XCConfigurationList;
			buildConfigurations = (
				5EC5217C26E2FBF500D25568 /* Debug */,
				5EC5217D26E2FBF500D25568 /* Release */,
			);
			defaultConfigurationIsVisible = 0;
			defaultConfigurationName = Release;
		};
		5EC5217E26E2FBF500D25568 /* Build configuration list for PBXNativeTarget "UITestingTutorial" */ = {
			isa = XCConfigurationList;
			buildConfigurations = (
				5EC5217F26E2FBF500D25568 /* Debug */,
				5EC5218026E2FBF500D25568 /* Release */,
			);
			defaultConfigurationIsVisible = 0;
			defaultConfigurationName = Release;
		};
		5EC5218C26E2FD3400D25568 /* Build configuration list for PBXNativeTarget "UITestingTutorialUITests" */ = {
			isa = XCConfigurationList;
			buildConfigurations = (
				5EC5218D26E2FD3400D25568 /* Debug */,
				5EC5218E26E2FD3400D25568 /* Release */,
			);
			defaultConfigurationIsVisible = 0;
			defaultConfigurationName = Release;
		};
/* End XCConfigurationList section */
	};
	rootObject = 5EC5216226E2FBF400D25568 /* Project object */;
}
